// !$*UTF8*$!
{
	archiveVersion = 1;
	classes = {
	};
	objectVersion = 77;
	objects = {

/* Begin PBXBuildFile section */
		17C5DAD62D9E023200C1A091 /* GoogleSignIn in Frameworks */ = {isa = PBXBuildFile; productRef = 17C5DAD52D9E023200C1A091 /* GoogleSignIn */; };
		17C5DAD82D9E023200C1A091 /* GoogleSignInSwift in Frameworks */ = {isa = PBXBuildFile; productRef = 17C5DAD72D9E023200C1A091 /* GoogleSignInSwift */; };
		17FB757F2D9B36DE00811EF5 /* FirebaseAnalytics in Frameworks */ = {isa = PBXBuildFile; productRef = 17FB757E2D9B36DE00811EF5 /* FirebaseAnalytics */; };
		17FB75812D9B36DE00811EF5 /* FirebaseAnalyticsOnDeviceConversion in Frameworks */ = {isa = PBXBuildFile; productRef = 17FB75802D9B36DE00811EF5 /* FirebaseAnalyticsOnDeviceConversion */; };
		17FB75832D9B36DE00811EF5 /* FirebaseAnalyticsWithoutAdIdSupport in Frameworks */ = {isa = PBXBuildFile; productRef = 17FB75822D9B36DE00811EF5 /* FirebaseAnalyticsWithoutAdIdSupport */; };
		17FB75852D9B36DE00811EF5 /* FirebaseAppCheck in Frameworks */ = {isa = PBXBuildFile; productRef = 17FB75842D9B36DE00811EF5 /* FirebaseAppCheck */; };
		17FB75872D9B36DE00811EF5 /* FirebaseAppDistribution-Beta in Frameworks */ = {isa = PBXBuildFile; productRef = 17FB75862D9B36DE00811EF5 /* FirebaseAppDistribution-Beta */; };
		17FB759E2D9B3A8000811EF5 /* FirebaseAnalytics in Frameworks */ = {isa = PBXBuildFile; productRef = 17FB759D2D9B3A8000811EF5 /* FirebaseAnalytics */; };
		17FB75A02D9B3A8000811EF5 /* FirebaseAuth in Frameworks */ = {isa = PBXBuildFile; productRef = 17FB759F2D9B3A8000811EF5 /* FirebaseAuth */; };
		17FB75A22D9B3A8000811EF5 /* FirebaseAuthCombine-Community in Frameworks */ = {isa = PBXBuildFile; productRef = 17FB75A12D9B3A8000811EF5 /* FirebaseAuthCombine-Community */; };
		17FB75A42D9B3A8000811EF5 /* FirebaseCore in Frameworks */ = {isa = PBXBuildFile; productRef = 17FB75A32D9B3A8000811EF5 /* FirebaseCore */; };
		17FB75A62D9B3A8000811EF5 /* FirebaseCrashlytics in Frameworks */ = {isa = PBXBuildFile; productRef = 17FB75A52D9B3A8000811EF5 /* FirebaseCrashlytics */; };
		17FB75A82D9B3A8000811EF5 /* FirebaseDatabase in Frameworks */ = {isa = PBXBuildFile; productRef = 17FB75A72D9B3A8000811EF5 /* FirebaseDatabase */; };
		17FB75AA2D9B3A8000811EF5 /* FirebaseDynamicLinks in Frameworks */ = {isa = PBXBuildFile; productRef = 17FB75A92D9B3A8000811EF5 /* FirebaseDynamicLinks */; };
		17FB75AC2D9B3A8000811EF5 /* FirebaseFirestore in Frameworks */ = {isa = PBXBuildFile; productRef = 17FB75AB2D9B3A8000811EF5 /* FirebaseFirestore */; };
		17FB75AE2D9B3A8000811EF5 /* FirebaseFirestoreCombine-Community in Frameworks */ = {isa = PBXBuildFile; productRef = 17FB75AD2D9B3A8000811EF5 /* FirebaseFirestoreCombine-Community */; };
		17FB75B02D9B3A8000811EF5 /* FirebaseFunctions in Frameworks */ = {isa = PBXBuildFile; productRef = 17FB75AF2D9B3A8000811EF5 /* FirebaseFunctions */; };
		17FB75B22D9B3A8000811EF5 /* FirebaseFunctionsCombine-Community in Frameworks */ = {isa = PBXBuildFile; productRef = 17FB75B12D9B3A8000811EF5 /* FirebaseFunctionsCombine-Community */; };
		17FB75B42D9B3A8000811EF5 /* FirebaseInAppMessaging-Beta in Frameworks */ = {isa = PBXBuildFile; productRef = 17FB75B32D9B3A8000811EF5 /* FirebaseInAppMessaging-Beta */; };
		17FB75B62D9B3A8000811EF5 /* FirebaseInstallations in Frameworks */ = {isa = PBXBuildFile; productRef = 17FB75B52D9B3A8000811EF5 /* FirebaseInstallations */; };
		17FB75B82D9B3A8000811EF5 /* FirebaseMLModelDownloader in Frameworks */ = {isa = PBXBuildFile; productRef = 17FB75B72D9B3A8000811EF5 /* FirebaseMLModelDownloader */; };
		17FB75BA2D9B3A8000811EF5 /* FirebaseMessaging in Frameworks */ = {isa = PBXBuildFile; productRef = 17FB75B92D9B3A8000811EF5 /* FirebaseMessaging */; };
		17FB75BC2D9B3A8000811EF5 /* FirebasePerformance in Frameworks */ = {isa = PBXBuildFile; productRef = 17FB75BB2D9B3A8000811EF5 /* FirebasePerformance */; };
		17FB75BE2D9B3A8000811EF5 /* FirebaseRemoteConfig in Frameworks */ = {isa = PBXBuildFile; productRef = 17FB75BD2D9B3A8000811EF5 /* FirebaseRemoteConfig */; };
		17FB75C02D9B3A8000811EF5 /* FirebaseStorage in Frameworks */ = {isa = PBXBuildFile; productRef = 17FB75BF2D9B3A8000811EF5 /* FirebaseStorage */; };
		17FB75C22D9B3A8000811EF5 /* FirebaseStorageCombine-Community in Frameworks */ = {isa = PBXBuildFile; productRef = 17FB75C12D9B3A8000811EF5 /* FirebaseStorageCombine-Community */; };
		17FB75C42D9B3A8000811EF5 /* FirebaseVertexAI in Frameworks */ = {isa = PBXBuildFile; productRef = 17FB75C32D9B3A8000811EF5 /* FirebaseVertexAI */; };
/* End PBXBuildFile section */

/* Begin PBXContainerItemProxy section */
		174F1CE62D6A87B20022C47A /* PBXContainerItemProxy */ = {
			isa = PBXContainerItemProxy;
			containerPortal = 174F1CCD2D6A87AE0022C47A /* Project object */;
			proxyType = 1;
			remoteGlobalIDString = 174F1CD42D6A87AE0022C47A;
			remoteInfo = CONVRS;
		};
		174F1CF02D6A87B30022C47A /* PBXContainerItemProxy */ = {
			isa = PBXContainerItemProxy;
			containerPortal = 174F1CCD2D6A87AE0022C47A /* Project object */;
			proxyType = 1;
			remoteGlobalIDString = 174F1CD42D6A87AE0022C47A;
			remoteInfo = CONVRS;
		};
/* End PBXContainerItemProxy section */

/* Begin PBXFileReference section */
		174F1CD52D6A87AE0022C47A /* CONVRS.app */ = {isa = PBXFileReference; explicitFileType = wrapper.application; includeInIndex = 0; path = CONVRS.app; sourceTree = BUILT_PRODUCTS_DIR; };
		174F1CE52D6A87B20022C47A /* CONVRSTests.xctest */ = {isa = PBXFileReference; explicitFileType = wrapper.cfbundle; includeInIndex = 0; path = CONVRSTests.xctest; sourceTree = BUILT_PRODUCTS_DIR; };
		174F1CEF2D6A87B30022C47A /* CONVRSUITests.xctest */ = {isa = PBXFileReference; explicitFileType = wrapper.cfbundle; includeInIndex = 0; path = CONVRSUITests.xctest; sourceTree = BUILT_PRODUCTS_DIR; };
/* End PBXFileReference section */

/* Begin PBXFileSystemSynchronizedBuildFileExceptionSet section */
		17B3BFDD2D9BAD8000FA2398 /* Exceptions for "CONVRS" folder in "CONVRS" target */ = {
			isa = PBXFileSystemSynchronizedBuildFileExceptionSet;
			membershipExceptions = (
				Info.plist,
			);
			target = 174F1CD42D6A87AE0022C47A /* CONVRS */;
		};
		17FB757B2D9B356D00811EF5 /* Exceptions for "CONVRS" folder in "CONVRSTests" target */ = {
			isa = PBXFileSystemSynchronizedBuildFileExceptionSet;
			membershipExceptions = (
				Authentication/ViewModel/AuthService.swift,
				Authentication/Views/LoginView.swift,
				Authentication/Views/OnboardingView.swift,
				Authentication/Views/SignUpView.swift,
				"GoogleService-Info.plist",
				"Lato-Regular.ttf",
				LightStatusBarHostingController.swift,
				"Poppins-Bold.ttf",
				"Poppins-Regular.ttf",
			);
			target = 174F1CE42D6A87B20022C47A /* CONVRSTests */;
		};
		17FB757C2D9B356D00811EF5 /* Exceptions for "CONVRS" folder in "CONVRSUITests" target */ = {
			isa = PBXFileSystemSynchronizedBuildFileExceptionSet;
			membershipExceptions = (
				Authentication/ViewModel/AuthService.swift,
				Authentication/Views/LoginView.swift,
				Authentication/Views/OnboardingView.swift,
				Authentication/Views/SignUpView.swift,
				"GoogleService-Info.plist",
				"Lato-Regular.ttf",
				LightStatusBarHostingController.swift,
				"Poppins-Bold.ttf",
				"Poppins-Regular.ttf",
			);
			target = 174F1CEE2D6A87B30022C47A /* CONVRSUITests */;
		};
/* End PBXFileSystemSynchronizedBuildFileExceptionSet section */

/* Begin PBXFileSystemSynchronizedRootGroup section */
		174F1CD72D6A87AE0022C47A /* CONVRS */ = {
			isa = PBXFileSystemSynchronizedRootGroup;
			exceptions = (
				17B3BFDD2D9BAD8000FA2398 /* Exceptions for "CONVRS" folder in "CONVRS" target */,
				17FB757B2D9B356D00811EF5 /* Exceptions for "CONVRS" folder in "CONVRSTests" target */,
				17FB757C2D9B356D00811EF5 /* Exceptions for "CONVRS" folder in "CONVRSUITests" target */,
			);
			path = CONVRS;
			sourceTree = "<group>";
		};
		174F1CE82D6A87B20022C47A /* CONVRSTests */ = {
			isa = PBXFileSystemSynchronizedRootGroup;
			path = CONVRSTests;
			sourceTree = "<group>";
		};
		174F1CF22D6A87B30022C47A /* CONVRSUITests */ = {
			isa = PBXFileSystemSynchronizedRootGroup;
			path = CONVRSUITests;
			sourceTree = "<group>";
		};
/* End PBXFileSystemSynchronizedRootGroup section */

/* Begin PBXFrameworksBuildPhase section */
		174F1CD22D6A87AE0022C47A /* Frameworks */ = {
			isa = PBXFrameworksBuildPhase;
			buildActionMask = 2147483647;
			files = (
				17FB75AE2D9B3A8000811EF5 /* FirebaseFirestoreCombine-Community in Frameworks */,
				17FB75C42D9B3A8000811EF5 /* FirebaseVertexAI in Frameworks */,
				17FB75B02D9B3A8000811EF5 /* FirebaseFunctions in Frameworks */,
				17FB75BC2D9B3A8000811EF5 /* FirebasePerformance in Frameworks */,
				17FB75C22D9B3A8000811EF5 /* FirebaseStorageCombine-Community in Frameworks */,
				17C5DAD82D9E023200C1A091 /* GoogleSignInSwift in Frameworks */,
				17FB75BE2D9B3A8000811EF5 /* FirebaseRemoteConfig in Frameworks */,
				17FB75A82D9B3A8000811EF5 /* FirebaseDatabase in Frameworks */,
				17FB75AA2D9B3A8000811EF5 /* FirebaseDynamicLinks in Frameworks */,
				17FB75852D9B36DE00811EF5 /* FirebaseAppCheck in Frameworks */,
				17FB75A02D9B3A8000811EF5 /* FirebaseAuth in Frameworks */,
				17FB757F2D9B36DE00811EF5 /* FirebaseAnalytics in Frameworks */,
				17FB75AC2D9B3A8000811EF5 /* FirebaseFirestore in Frameworks */,
				17FB75BA2D9B3A8000811EF5 /* FirebaseMessaging in Frameworks */,
				17FB75B62D9B3A8000811EF5 /* FirebaseInstallations in Frameworks */,
				17FB75B22D9B3A8000811EF5 /* FirebaseFunctionsCombine-Community in Frameworks */,
				17C5DAD62D9E023200C1A091 /* GoogleSignIn in Frameworks */,
				17FB75872D9B36DE00811EF5 /* FirebaseAppDistribution-Beta in Frameworks */,
				17FB75832D9B36DE00811EF5 /* FirebaseAnalyticsWithoutAdIdSupport in Frameworks */,
				17FB75B42D9B3A8000811EF5 /* FirebaseInAppMessaging-Beta in Frameworks */,
				17FB75A22D9B3A8000811EF5 /* FirebaseAuthCombine-Community in Frameworks */,
				17FB75A62D9B3A8000811EF5 /* FirebaseCrashlytics in Frameworks */,
				17FB75B82D9B3A8000811EF5 /* FirebaseMLModelDownloader in Frameworks */,
				17FB75C02D9B3A8000811EF5 /* FirebaseStorage in Frameworks */,
				17FB75A42D9B3A8000811EF5 /* FirebaseCore in Frameworks */,
				17FB75812D9B36DE00811EF5 /* FirebaseAnalyticsOnDeviceConversion in Frameworks */,
			);
			runOnlyForDeploymentPostprocessing = 0;
		};
		174F1CE22D6A87B20022C47A /* Frameworks */ = {
			isa = PBXFrameworksBuildPhase;
			buildActionMask = 2147483647;
			files = (
				17FB759E2D9B3A8000811EF5 /* FirebaseAnalytics in Frameworks */,
			);
			runOnlyForDeploymentPostprocessing = 0;
		};
		174F1CEC2D6A87B30022C47A /* Frameworks */ = {
			isa = PBXFrameworksBuildPhase;
			buildActionMask = 2147483647;
			files = (
			);
			runOnlyForDeploymentPostprocessing = 0;
		};
/* End PBXFrameworksBuildPhase section */

/* Begin PBXGroup section */
		174F1CCC2D6A87AE0022C47A = {
			isa = PBXGroup;
			children = (
				174F1CD72D6A87AE0022C47A /* CONVRS */,
				174F1CE82D6A87B20022C47A /* CONVRSTests */,
				174F1CF22D6A87B30022C47A /* CONVRSUITests */,
				17FB76902D9B8A8400811EF5 /* Frameworks */,
				174F1CD62D6A87AE0022C47A /* Products */,
			);
			sourceTree = "<group>";
		};
		174F1CD62D6A87AE0022C47A /* Products */ = {
			isa = PBXGroup;
			children = (
				174F1CD52D6A87AE0022C47A /* CONVRS.app */,
				174F1CE52D6A87B20022C47A /* CONVRSTests.xctest */,
				174F1CEF2D6A87B30022C47A /* CONVRSUITests.xctest */,
			);
			name = Products;
			sourceTree = "<group>";
		};
		17FB76902D9B8A8400811EF5 /* Frameworks */ = {
			isa = PBXGroup;
			children = (
			);
			name = Frameworks;
			sourceTree = "<group>";
		};
/* End PBXGroup section */

/* Begin PBXNativeTarget section */
		174F1CD42D6A87AE0022C47A /* CONVRS */ = {
			isa = PBXNativeTarget;
			buildConfigurationList = 174F1CF92D6A87B30022C47A /* Build configuration list for PBXNativeTarget "CONVRS" */;
			buildPhases = (
				174F1CD12D6A87AE0022C47A /* Sources */,
				174F1CD22D6A87AE0022C47A /* Frameworks */,
				174F1CD32D6A87AE0022C47A /* Resources */,
			);
			buildRules = (
			);
			dependencies = (
			);
			fileSystemSynchronizedGroups = (
				174F1CD72D6A87AE0022C47A /* CONVRS */,
			);
			name = CONVRS;
			packageProductDependencies = (
				17FB757E2D9B36DE00811EF5 /* FirebaseAnalytics */,
				17FB75802D9B36DE00811EF5 /* FirebaseAnalyticsOnDeviceConversion */,
				17FB75822D9B36DE00811EF5 /* FirebaseAnalyticsWithoutAdIdSupport */,
				17FB75842D9B36DE00811EF5 /* FirebaseAppCheck */,
				17FB75862D9B36DE00811EF5 /* FirebaseAppDistribution-Beta */,
				17FB759F2D9B3A8000811EF5 /* FirebaseAuth */,
				17FB75A12D9B3A8000811EF5 /* FirebaseAuthCombine-Community */,
				17FB75A32D9B3A8000811EF5 /* FirebaseCore */,
				17FB75A52D9B3A8000811EF5 /* FirebaseCrashlytics */,
				17FB75A72D9B3A8000811EF5 /* FirebaseDatabase */,
				17FB75A92D9B3A8000811EF5 /* FirebaseDynamicLinks */,
				17FB75AB2D9B3A8000811EF5 /* FirebaseFirestore */,
				17FB75AD2D9B3A8000811EF5 /* FirebaseFirestoreCombine-Community */,
				17FB75AF2D9B3A8000811EF5 /* FirebaseFunctions */,
				17FB75B12D9B3A8000811EF5 /* FirebaseFunctionsCombine-Community */,
				17FB75B32D9B3A8000811EF5 /* FirebaseInAppMessaging-Beta */,
				17FB75B52D9B3A8000811EF5 /* FirebaseInstallations */,
				17FB75B72D9B3A8000811EF5 /* FirebaseMLModelDownloader */,
				17FB75B92D9B3A8000811EF5 /* FirebaseMessaging */,
				17FB75BB2D9B3A8000811EF5 /* FirebasePerformance */,
				17FB75BD2D9B3A8000811EF5 /* FirebaseRemoteConfig */,
				17FB75BF2D9B3A8000811EF5 /* FirebaseStorage */,
				17FB75C12D9B3A8000811EF5 /* FirebaseStorageCombine-Community */,
				17FB75C32D9B3A8000811EF5 /* FirebaseVertexAI */,
				17C5DAD52D9E023200C1A091 /* GoogleSignIn */,
				17C5DAD72D9E023200C1A091 /* GoogleSignInSwift */,
			);
			productName = CONVRS;
			productReference = 174F1CD52D6A87AE0022C47A /* CONVRS.app */;
			productType = "com.apple.product-type.application";
		};
		174F1CE42D6A87B20022C47A /* CONVRSTests */ = {
			isa = PBXNativeTarget;
			buildConfigurationList = 174F1CFC2D6A87B30022C47A /* Build configuration list for PBXNativeTarget "CONVRSTests" */;
			buildPhases = (
				174F1CE12D6A87B20022C47A /* Sources */,
				174F1CE22D6A87B20022C47A /* Frameworks */,
				174F1CE32D6A87B20022C47A /* Resources */,
			);
			buildRules = (
			);
			dependencies = (
				174F1CE72D6A87B20022C47A /* PBXTargetDependency */,
			);
			fileSystemSynchronizedGroups = (
				174F1CE82D6A87B20022C47A /* CONVRSTests */,
			);
			name = CONVRSTests;
			packageProductDependencies = (
				17FB759D2D9B3A8000811EF5 /* FirebaseAnalytics */,
			);
			productName = CONVRSTests;
			productReference = 174F1CE52D6A87B20022C47A /* CONVRSTests.xctest */;
			productType = "com.apple.product-type.bundle.unit-test";
		};
		174F1CEE2D6A87B30022C47A /* CONVRSUITests */ = {
			isa = PBXNativeTarget;
			buildConfigurationList = 174F1CFF2D6A87B30022C47A /* Build configuration list for PBXNativeTarget "CONVRSUITests" */;
			buildPhases = (
				174F1CEB2D6A87B30022C47A /* Sources */,
				174F1CEC2D6A87B30022C47A /* Frameworks */,
				174F1CED2D6A87B30022C47A /* Resources */,
			);
			buildRules = (
			);
			dependencies = (
				174F1CF12D6A87B30022C47A /* PBXTargetDependency */,
			);
			fileSystemSynchronizedGroups = (
				174F1CF22D6A87B30022C47A /* CONVRSUITests */,
			);
			name = CONVRSUITests;
			packageProductDependencies = (
			);
			productName = CONVRSUITests;
			productReference = 174F1CEF2D6A87B30022C47A /* CONVRSUITests.xctest */;
			productType = "com.apple.product-type.bundle.ui-testing";
		};
/* End PBXNativeTarget section */

/* Begin PBXProject section */
		174F1CCD2D6A87AE0022C47A /* Project object */ = {
			isa = PBXProject;
			attributes = {
				BuildIndependentTargetsInParallel = 1;
				LastSwiftUpdateCheck = 1600;
				LastUpgradeCheck = 1600;
				TargetAttributes = {
					174F1CD42D6A87AE0022C47A = {
						CreatedOnToolsVersion = 16.0;
					};
					174F1CE42D6A87B20022C47A = {
						CreatedOnToolsVersion = 16.0;
						TestTargetID = 174F1CD42D6A87AE0022C47A;
					};
					174F1CEE2D6A87B30022C47A = {
						CreatedOnToolsVersion = 16.0;
						TestTargetID = 174F1CD42D6A87AE0022C47A;
					};
				};
			};
			buildConfigurationList = 174F1CD02D6A87AE0022C47A /* Build configuration list for PBXProject "CONVRS" */;
			developmentRegion = en;
			hasScannedForEncodings = 0;
			knownRegions = (
				en,
				Base,
			);
			mainGroup = 174F1CCC2D6A87AE0022C47A;
			minimizedProjectReferenceProxies = 1;
			packageReferences = (
				17FB757D2D9B36DE00811EF5 /* XCRemoteSwiftPackageReference "firebase-ios-sdk" */,
				17C5DAD42D9E023200C1A091 /* XCRemoteSwiftPackageReference "GoogleSignIn-iOS" */,
			);
			preferredProjectObjectVersion = 77;
			productRefGroup = 174F1CD62D6A87AE0022C47A /* Products */;
			projectDirPath = "";
			projectRoot = "";
			targets = (
				174F1CD42D6A87AE0022C47A /* CONVRS */,
				174F1CE42D6A87B20022C47A /* CONVRSTests */,
				174F1CEE2D6A87B30022C47A /* CONVRSUITests */,
			);
		};
/* End PBXProject section */

/* Begin PBXResourcesBuildPhase section */
		174F1CD32D6A87AE0022C47A /* Resources */ = {
			isa = PBXResourcesBuildPhase;
			buildActionMask = 2147483647;
			files = (
			);
			runOnlyForDeploymentPostprocessing = 0;
		};
		174F1CE32D6A87B20022C47A /* Resources */ = {
			isa = PBXResourcesBuildPhase;
			buildActionMask = 2147483647;
			files = (
			);
			runOnlyForDeploymentPostprocessing = 0;
		};
		174F1CED2D6A87B30022C47A /* Resources */ = {
			isa = PBXResourcesBuildPhase;
			buildActionMask = 2147483647;
			files = (
			);
			runOnlyForDeploymentPostprocessing = 0;
		};
/* End PBXResourcesBuildPhase section */

/* Begin PBXSourcesBuildPhase section */
		174F1CD12D6A87AE0022C47A /* Sources */ = {
			isa = PBXSourcesBuildPhase;
			buildActionMask = 2147483647;
			files = (
			);
			runOnlyForDeploymentPostprocessing = 0;
		};
		174F1CE12D6A87B20022C47A /* Sources */ = {
			isa = PBXSourcesBuildPhase;
			buildActionMask = 2147483647;
			files = (
			);
			runOnlyForDeploymentPostprocessing = 0;
		};
		174F1CEB2D6A87B30022C47A /* Sources */ = {
			isa = PBXSourcesBuildPhase;
			buildActionMask = 2147483647;
			files = (
			);
			runOnlyForDeploymentPostprocessing = 0;
		};
/* End PBXSourcesBuildPhase section */

/* Begin PBXTargetDependency section */
		174F1CE72D6A87B20022C47A /* PBXTargetDependency */ = {
			isa = PBXTargetDependency;
			target = 174F1CD42D6A87AE0022C47A /* CONVRS */;
			targetProxy = 174F1CE62D6A87B20022C47A /* PBXContainerItemProxy */;
		};
		174F1CF12D6A87B30022C47A /* PBXTargetDependency */ = {
			isa = PBXTargetDependency;
			target = 174F1CD42D6A87AE0022C47A /* CONVRS */;
			targetProxy = 174F1CF02D6A87B30022C47A /* PBXContainerItemProxy */;
		};
/* End PBXTargetDependency section */

/* Begin XCBuildConfiguration section */
		174F1CF72D6A87B30022C47A /* Debug */ = {
			isa = XCBuildConfiguration;
			baseConfigurationReferenceAnchor = 174F1CD72D6A87AE0022C47A /* CONVRS */;
			baseConfigurationReferenceRelativePath = Secrets.xcconfig;
			buildSettings = {
				ALWAYS_SEARCH_USER_PATHS = NO;
				ASSETCATALOG_COMPILER_GENERATE_SWIFT_ASSET_SYMBOL_EXTENSIONS = YES;
				CLANG_ANALYZER_NONNULL = YES;
				CLANG_ANALYZER_NUMBER_OBJECT_CONVERSION = YES_AGGRESSIVE;
				CLANG_CXX_LANGUAGE_STANDARD = "gnu++20";
				CLANG_ENABLE_MODULES = YES;
				CLANG_ENABLE_OBJC_ARC = YES;
				CLANG_ENABLE_OBJC_WEAK = YES;
				CLANG_WARN_BLOCK_CAPTURE_AUTORELEASING = YES;
				CLANG_WARN_BOOL_CONVERSION = YES;
				CLANG_WARN_COMMA = YES;
				CLANG_WARN_CONSTANT_CONVERSION = YES;
				CLANG_WARN_DEPRECATED_OBJC_IMPLEMENTATIONS = YES;
				CLANG_WARN_DIRECT_OBJC_ISA_USAGE = YES_ERROR;
				CLANG_WARN_DOCUMENTATION_COMMENTS = YES;
				CLANG_WARN_EMPTY_BODY = YES;
				CLANG_WARN_ENUM_CONVERSION = YES;
				CLANG_WARN_INFINITE_RECURSION = YES;
				CLANG_WARN_INT_CONVERSION = YES;
				CLANG_WARN_NON_LITERAL_NULL_CONVERSION = YES;
				CLANG_WARN_OBJC_IMPLICIT_RETAIN_SELF = YES;
				CLANG_WARN_OBJC_LITERAL_CONVERSION = YES;
				CLANG_WARN_OBJC_ROOT_CLASS = YES_ERROR;
				CLANG_WARN_QUOTED_INCLUDE_IN_FRAMEWORK_HEADER = YES;
				CLANG_WARN_RANGE_LOOP_ANALYSIS = YES;
				CLANG_WARN_STRICT_PROTOTYPES = YES;
				CLANG_WARN_SUSPICIOUS_MOVE = YES;
				CLANG_WARN_UNGUARDED_AVAILABILITY = YES_AGGRESSIVE;
				CLANG_WARN_UNREACHABLE_CODE = YES;
				CLANG_WARN__DUPLICATE_METHOD_MATCH = YES;
				COPY_PHASE_STRIP = NO;
				DEBUG_INFORMATION_FORMAT = dwarf;
				ENABLE_STRICT_OBJC_MSGSEND = YES;
				ENABLE_TESTABILITY = YES;
				ENABLE_USER_SCRIPT_SANDBOXING = YES;
				GCC_C_LANGUAGE_STANDARD = gnu17;
				GCC_DYNAMIC_NO_PIC = NO;
				GCC_NO_COMMON_BLOCKS = YES;
				GCC_OPTIMIZATION_LEVEL = 0;
				GCC_PREPROCESSOR_DEFINITIONS = (
					"DEBUG=1",
					"$(inherited)",
				);
				GCC_WARN_64_TO_32_BIT_CONVERSION = YES;
				GCC_WARN_ABOUT_RETURN_TYPE = YES_ERROR;
				GCC_WARN_UNDECLARED_SELECTOR = YES;
				GCC_WARN_UNINITIALIZED_AUTOS = YES_AGGRESSIVE;
				GCC_WARN_UNUSED_FUNCTION = YES;
				GCC_WARN_UNUSED_VARIABLE = YES;
				IPHONEOS_DEPLOYMENT_TARGET = 18.0;
				LOCALIZATION_PREFERS_STRING_CATALOGS = YES;
				MTL_ENABLE_DEBUG_INFO = INCLUDE_SOURCE;
				MTL_FAST_MATH = YES;
				ONLY_ACTIVE_ARCH = YES;
				SDKROOT = iphoneos;
				SWIFT_ACTIVE_COMPILATION_CONDITIONS = "DEBUG $(inherited)";
				SWIFT_OPTIMIZATION_LEVEL = "-Onone";
			};
			name = Debug;
		};
		174F1CF82D6A87B30022C47A /* Release */ = {
			isa = XCBuildConfiguration;
			baseConfigurationReferenceAnchor = 174F1CD72D6A87AE0022C47A /* CONVRS */;
			baseConfigurationReferenceRelativePath = Secrets.xcconfig;
			buildSettings = {
				ALWAYS_SEARCH_USER_PATHS = NO;
				ASSETCATALOG_COMPILER_GENERATE_SWIFT_ASSET_SYMBOL_EXTENSIONS = YES;
				CLANG_ANALYZER_NONNULL = YES;
				CLANG_ANALYZER_NUMBER_OBJECT_CONVERSION = YES_AGGRESSIVE;
				CLANG_CXX_LANGUAGE_STANDARD = "gnu++20";
				CLANG_ENABLE_MODULES = YES;
				CLANG_ENABLE_OBJC_ARC = YES;
				CLANG_ENABLE_OBJC_WEAK = YES;
				CLANG_WARN_BLOCK_CAPTURE_AUTORELEASING = YES;
				CLANG_WARN_BOOL_CONVERSION = YES;
				CLANG_WARN_COMMA = YES;
				CLANG_WARN_CONSTANT_CONVERSION = YES;
				CLANG_WARN_DEPRECATED_OBJC_IMPLEMENTATIONS = YES;
				CLANG_WARN_DIRECT_OBJC_ISA_USAGE = YES_ERROR;
				CLANG_WARN_DOCUMENTATION_COMMENTS = YES;
				CLANG_WARN_EMPTY_BODY = YES;
				CLANG_WARN_ENUM_CONVERSION = YES;
				CLANG_WARN_INFINITE_RECURSION = YES;
				CLANG_WARN_INT_CONVERSION = YES;
				CLANG_WARN_NON_LITERAL_NULL_CONVERSION = YES;
				CLANG_WARN_OBJC_IMPLICIT_RETAIN_SELF = YES;
				CLANG_WARN_OBJC_LITERAL_CONVERSION = YES;
				CLANG_WARN_OBJC_ROOT_CLASS = YES_ERROR;
				CLANG_WARN_QUOTED_INCLUDE_IN_FRAMEWORK_HEADER = YES;
				CLANG_WARN_RANGE_LOOP_ANALYSIS = YES;
				CLANG_WARN_STRICT_PROTOTYPES = YES;
				CLANG_WARN_SUSPICIOUS_MOVE = YES;
				CLANG_WARN_UNGUARDED_AVAILABILITY = YES_AGGRESSIVE;
				CLANG_WARN_UNREACHABLE_CODE = YES;
				CLANG_WARN__DUPLICATE_METHOD_MATCH = YES;
				COPY_PHASE_STRIP = NO;
				DEBUG_INFORMATION_FORMAT = "dwarf-with-dsym";
				ENABLE_NS_ASSERTIONS = NO;
				ENABLE_STRICT_OBJC_MSGSEND = YES;
				ENABLE_USER_SCRIPT_SANDBOXING = YES;
				GCC_C_LANGUAGE_STANDARD = gnu17;
				GCC_NO_COMMON_BLOCKS = YES;
				GCC_WARN_64_TO_32_BIT_CONVERSION = YES;
				GCC_WARN_ABOUT_RETURN_TYPE = YES_ERROR;
				GCC_WARN_UNDECLARED_SELECTOR = YES;
				GCC_WARN_UNINITIALIZED_AUTOS = YES_AGGRESSIVE;
				GCC_WARN_UNUSED_FUNCTION = YES;
				GCC_WARN_UNUSED_VARIABLE = YES;
				IPHONEOS_DEPLOYMENT_TARGET = 18.0;
				LOCALIZATION_PREFERS_STRING_CATALOGS = YES;
				MTL_ENABLE_DEBUG_INFO = NO;
				MTL_FAST_MATH = YES;
				SDKROOT = iphoneos;
				SWIFT_COMPILATION_MODE = wholemodule;
				VALIDATE_PRODUCT = YES;
			};
			name = Release;
		};
		174F1CFA2D6A87B30022C47A /* Debug */ = {
			isa = XCBuildConfiguration;
			baseConfigurationReferenceAnchor = 174F1CD72D6A87AE0022C47A /* CONVRS */;
			baseConfigurationReferenceRelativePath = Secrets.xcconfig;
			buildSettings = {
				ASSETCATALOG_COMPILER_APPICON_NAME = AppIcon;
				ASSETCATALOG_COMPILER_GLOBAL_ACCENT_COLOR_NAME = AccentColor;
				CODE_SIGN_STYLE = Automatic;
				CURRENT_PROJECT_VERSION = 1;
				DEVELOPMENT_ASSET_PATHS = "\"CONVRS/Preview Content\"";
				DEVELOPMENT_TEAM = D9B6BU2J6A;
				ENABLE_PREVIEWS = YES;
				GENERATE_INFOPLIST_FILE = YES;
				INFOPLIST_FILE = CONVRS/Info.plist;
				INFOPLIST_KEY_CFBundleDisplayName = CONVRS;
				INFOPLIST_KEY_UIApplicationSceneManifest_Generation = YES;
				INFOPLIST_KEY_UIApplicationSupportsIndirectInputEvents = YES;
				INFOPLIST_KEY_UILaunchScreen_Generation = YES;
				INFOPLIST_KEY_UIStatusBarStyle = UIStatusBarStyleLightContent;
				INFOPLIST_KEY_UISupportedInterfaceOrientations = UIInterfaceOrientationPortrait;
				INFOPLIST_KEY_UISupportedInterfaceOrientations_iPad = "UIInterfaceOrientationLandscapeLeft UIInterfaceOrientationLandscapeRight UIInterfaceOrientationPortrait UIInterfaceOrientationPortraitUpsideDown";
				LD_RUNPATH_SEARCH_PATHS = (
					"$(inherited)",
					"@executable_path/Frameworks",
				);
				MARKETING_VERSION = 1.0;
				PRODUCT_BUNDLE_IDENTIFIER = com.SMU.CONVRS;
				PRODUCT_NAME = "$(TARGET_NAME)";
				SWIFT_EMIT_LOC_STRINGS = YES;
				SWIFT_VERSION = 5.0;
				TARGETED_DEVICE_FAMILY = "1,2";
			};
			name = Debug;
		};
		174F1CFB2D6A87B30022C47A /* Release */ = {
			isa = XCBuildConfiguration;
			baseConfigurationReferenceAnchor = 174F1CD72D6A87AE0022C47A /* CONVRS */;
			baseConfigurationReferenceRelativePath = Secrets.xcconfig;
			buildSettings = {
				ASSETCATALOG_COMPILER_APPICON_NAME = AppIcon;
				ASSETCATALOG_COMPILER_GLOBAL_ACCENT_COLOR_NAME = AccentColor;
				CODE_SIGN_STYLE = Automatic;
				CURRENT_PROJECT_VERSION = 1;
				DEVELOPMENT_ASSET_PATHS = "\"CONVRS/Preview Content\"";
				DEVELOPMENT_TEAM = D9B6BU2J6A;
				ENABLE_PREVIEWS = YES;
				GENERATE_INFOPLIST_FILE = YES;
				INFOPLIST_FILE = CONVRS/Info.plist;
				INFOPLIST_KEY_CFBundleDisplayName = CONVRS;
				INFOPLIST_KEY_UIApplicationSceneManifest_Generation = YES;
				INFOPLIST_KEY_UIApplicationSupportsIndirectInputEvents = YES;
				INFOPLIST_KEY_UILaunchScreen_Generation = YES;
				INFOPLIST_KEY_UIStatusBarStyle = UIStatusBarStyleLightContent;
				INFOPLIST_KEY_UISupportedInterfaceOrientations = UIInterfaceOrientationPortrait;
				INFOPLIST_KEY_UISupportedInterfaceOrientations_iPad = "UIInterfaceOrientationLandscapeLeft UIInterfaceOrientationLandscapeRight UIInterfaceOrientationPortrait UIInterfaceOrientationPortraitUpsideDown";
				LD_RUNPATH_SEARCH_PATHS = (
					"$(inherited)",
					"@executable_path/Frameworks",
				);
				MARKETING_VERSION = 1.0;
				PRODUCT_BUNDLE_IDENTIFIER = com.SMU.CONVRS;
				PRODUCT_NAME = "$(TARGET_NAME)";
				SWIFT_EMIT_LOC_STRINGS = YES;
				SWIFT_VERSION = 5.0;
				TARGETED_DEVICE_FAMILY = "1,2";
			};
			name = Release;
		};
		174F1CFD2D6A87B30022C47A /* Debug */ = {
			isa = XCBuildConfiguration;
			buildSettings = {
				BUNDLE_LOADER = "$(TEST_HOST)";
				CODE_SIGN_STYLE = Automatic;
				CURRENT_PROJECT_VERSION = 1;
				DEVELOPMENT_TEAM = D9B6BU2J6A;
				GENERATE_INFOPLIST_FILE = YES;
				IPHONEOS_DEPLOYMENT_TARGET = 18.0;
				MARKETING_VERSION = 1.0;
				PRODUCT_BUNDLE_IDENTIFIER = SMU.CONVRSTests;
				PRODUCT_NAME = "$(TARGET_NAME)";
				SWIFT_EMIT_LOC_STRINGS = NO;
				SWIFT_VERSION = 5.0;
				TARGETED_DEVICE_FAMILY = "1,2";
				TEST_HOST = "$(BUILT_PRODUCTS_DIR)/CONVRS.app/$(BUNDLE_EXECUTABLE_FOLDER_PATH)/CONVRS";
			};
			name = Debug;
		};
		174F1CFE2D6A87B30022C47A /* Release */ = {
			isa = XCBuildConfiguration;
			buildSettings = {
				BUNDLE_LOADER = "$(TEST_HOST)";
				CODE_SIGN_STYLE = Automatic;
				CURRENT_PROJECT_VERSION = 1;
				DEVELOPMENT_TEAM = D9B6BU2J6A;
				GENERATE_INFOPLIST_FILE = YES;
				IPHONEOS_DEPLOYMENT_TARGET = 18.0;
				MARKETING_VERSION = 1.0;
				PRODUCT_BUNDLE_IDENTIFIER = SMU.CONVRSTests;
				PRODUCT_NAME = "$(TARGET_NAME)";
				SWIFT_EMIT_LOC_STRINGS = NO;
				SWIFT_VERSION = 5.0;
				TARGETED_DEVICE_FAMILY = "1,2";
				TEST_HOST = "$(BUILT_PRODUCTS_DIR)/CONVRS.app/$(BUNDLE_EXECUTABLE_FOLDER_PATH)/CONVRS";
			};
			name = Release;
		};
		174F1D002D6A87B30022C47A /* Debug */ = {
			isa = XCBuildConfiguration;
			buildSettings = {
				CODE_SIGN_STYLE = Automatic;
				CURRENT_PROJECT_VERSION = 1;
				DEVELOPMENT_TEAM = D9B6BU2J6A;
				GENERATE_INFOPLIST_FILE = YES;
				MARKETING_VERSION = 1.0;
				PRODUCT_BUNDLE_IDENTIFIER = SMU.CONVRSUITests;
				PRODUCT_NAME = "$(TARGET_NAME)";
				SWIFT_EMIT_LOC_STRINGS = NO;
				SWIFT_VERSION = 5.0;
				TARGETED_DEVICE_FAMILY = "1,2";
				TEST_TARGET_NAME = CONVRS;
			};
			name = Debug;
		};
		174F1D012D6A87B30022C47A /* Release */ = {
			isa = XCBuildConfiguration;
			buildSettings = {
				CODE_SIGN_STYLE = Automatic;
				CURRENT_PROJECT_VERSION = 1;
				DEVELOPMENT_TEAM = D9B6BU2J6A;
				GENERATE_INFOPLIST_FILE = YES;
				MARKETING_VERSION = 1.0;
				PRODUCT_BUNDLE_IDENTIFIER = SMU.CONVRSUITests;
				PRODUCT_NAME = "$(TARGET_NAME)";
				SWIFT_EMIT_LOC_STRINGS = NO;
				SWIFT_VERSION = 5.0;
				TARGETED_DEVICE_FAMILY = "1,2";
				TEST_TARGET_NAME = CONVRS;
			};
			name = Release;
		};
/* End XCBuildConfiguration section */

/* Begin XCConfigurationList section */
		174F1CD02D6A87AE0022C47A /* Build configuration list for PBXProject "CONVRS" */ = {
			isa = XCConfigurationList;
			buildConfigurations = (
				174F1CF72D6A87B30022C47A /* Debug */,
				174F1CF82D6A87B30022C47A /* Release */,
			);
			defaultConfigurationIsVisible = 0;
			defaultConfigurationName = Release;
		};
		174F1CF92D6A87B30022C47A /* Build configuration list for PBXNativeTarget "CONVRS" */ = {
			isa = XCConfigurationList;
			buildConfigurations = (
				174F1CFA2D6A87B30022C47A /* Debug */,
				174F1CFB2D6A87B30022C47A /* Release */,
			);
			defaultConfigurationIsVisible = 0;
			defaultConfigurationName = Release;
		};
		174F1CFC2D6A87B30022C47A /* Build configuration list for PBXNativeTarget "CONVRSTests" */ = {
			isa = XCConfigurationList;
			buildConfigurations = (
				174F1CFD2D6A87B30022C47A /* Debug */,
				174F1CFE2D6A87B30022C47A /* Release */,
			);
			defaultConfigurationIsVisible = 0;
			defaultConfigurationName = Release;
		};
		174F1CFF2D6A87B30022C47A /* Build configuration list for PBXNativeTarget "CONVRSUITests" */ = {
			isa = XCConfigurationList;
			buildConfigurations = (
				174F1D002D6A87B30022C47A /* Debug */,
				174F1D012D6A87B30022C47A /* Release */,
			);
			defaultConfigurationIsVisible = 0;
			defaultConfigurationName = Release;
		};
/* End XCConfigurationList section */

/* Begin XCRemoteSwiftPackageReference section */
		17C5DAD42D9E023200C1A091 /* XCRemoteSwiftPackageReference "GoogleSignIn-iOS" */ = {
			isa = XCRemoteSwiftPackageReference;
			repositoryURL = "https://github.com/google/GoogleSignIn-iOS";
			requirement = {
				kind = upToNextMajorVersion;
				minimumVersion = 8.0.0;
			};
		};
		17FB757D2D9B36DE00811EF5 /* XCRemoteSwiftPackageReference "firebase-ios-sdk" */ = {
			isa = XCRemoteSwiftPackageReference;
			repositoryURL = "https://github.com/firebase/firebase-ios-sdk";
			requirement = {
				kind = upToNextMajorVersion;
				minimumVersion = 11.11.0;
			};
		};
/* End XCRemoteSwiftPackageReference section */

/* Begin XCSwiftPackageProductDependency section */
		17C5DAD52D9E023200C1A091 /* GoogleSignIn */ = {
			isa = XCSwiftPackageProductDependency;
			package = 17C5DAD42D9E023200C1A091 /* XCRemoteSwiftPackageReference "GoogleSignIn-iOS" */;
			productName = GoogleSignIn;
		};
		17C5DAD72D9E023200C1A091 /* GoogleSignInSwift */ = {
			isa = XCSwiftPackageProductDependency;
			package = 17C5DAD42D9E023200C1A091 /* XCRemoteSwiftPackageReference "GoogleSignIn-iOS" */;
			productName = GoogleSignInSwift;
		};
		17FB757E2D9B36DE00811EF5 /* FirebaseAnalytics */ = {
			isa = XCSwiftPackageProductDependency;
			package = 17FB757D2D9B36DE00811EF5 /* XCRemoteSwiftPackageReference "firebase-ios-sdk" */;
			productName = FirebaseAnalytics;
		};
		17FB75802D9B36DE00811EF5 /* FirebaseAnalyticsOnDeviceConversion */ = {
			isa = XCSwiftPackageProductDependency;
			package = 17FB757D2D9B36DE00811EF5 /* XCRemoteSwiftPackageReference "firebase-ios-sdk" */;
			productName = FirebaseAnalyticsOnDeviceConversion;
		};
		17FB75822D9B36DE00811EF5 /* FirebaseAnalyticsWithoutAdIdSupport */ = {
			isa = XCSwiftPackageProductDependency;
			package = 17FB757D2D9B36DE00811EF5 /* XCRemoteSwiftPackageReference "firebase-ios-sdk" */;
			productName = FirebaseAnalyticsWithoutAdIdSupport;
		};
		17FB75842D9B36DE00811EF5 /* FirebaseAppCheck */ = {
			isa = XCSwiftPackageProductDependency;
			package = 17FB757D2D9B36DE00811EF5 /* XCRemoteSwiftPackageReference "firebase-ios-sdk" */;
			productName = FirebaseAppCheck;
		};
		17FB75862D9B36DE00811EF5 /* FirebaseAppDistribution-Beta */ = {
			isa = XCSwiftPackageProductDependency;
			package = 17FB757D2D9B36DE00811EF5 /* XCRemoteSwiftPackageReference "firebase-ios-sdk" */;
			productName = "FirebaseAppDistribution-Beta";
		};
		17FB759D2D9B3A8000811EF5 /* FirebaseAnalytics */ = {
			isa = XCSwiftPackageProductDependency;
			package = 17FB757D2D9B36DE00811EF5 /* XCRemoteSwiftPackageReference "firebase-ios-sdk" */;
			productName = FirebaseAnalytics;
		};
		17FB759F2D9B3A8000811EF5 /* FirebaseAuth */ = {
			isa = XCSwiftPackageProductDependency;
			package = 17FB757D2D9B36DE00811EF5 /* XCRemoteSwiftPackageReference "firebase-ios-sdk" */;
			productName = FirebaseAuth;
		};
		17FB75A12D9B3A8000811EF5 /* FirebaseAuthCombine-Community */ = {
			isa = XCSwiftPackageProductDependency;
			package = 17FB757D2D9B36DE00811EF5 /* XCRemoteSwiftPackageReference "firebase-ios-sdk" */;
			productName = "FirebaseAuthCombine-Community";
		};
		17FB75A32D9B3A8000811EF5 /* FirebaseCore */ = {
			isa = XCSwiftPackageProductDependency;
			package = 17FB757D2D9B36DE00811EF5 /* XCRemoteSwiftPackageReference "firebase-ios-sdk" */;
			productName = FirebaseCore;
		};
		17FB75A52D9B3A8000811EF5 /* FirebaseCrashlytics */ = {
			isa = XCSwiftPackageProductDependency;
			package = 17FB757D2D9B36DE00811EF5 /* XCRemoteSwiftPackageReference "firebase-ios-sdk" */;
			productName = FirebaseCrashlytics;
		};
		17FB75A72D9B3A8000811EF5 /* FirebaseDatabase */ = {
			isa = XCSwiftPackageProductDependency;
			package = 17FB757D2D9B36DE00811EF5 /* XCRemoteSwiftPackageReference "firebase-ios-sdk" */;
			productName = FirebaseDatabase;
		};
		17FB75A92D9B3A8000811EF5 /* FirebaseDynamicLinks */ = {
			isa = XCSwiftPackageProductDependency;
			package = 17FB757D2D9B36DE00811EF5 /* XCRemoteSwiftPackageReference "firebase-ios-sdk" */;
			productName = FirebaseDynamicLinks;
		};
		17FB75AB2D9B3A8000811EF5 /* FirebaseFirestore */ = {
			isa = XCSwiftPackageProductDependency;
			package = 17FB757D2D9B36DE00811EF5 /* XCRemoteSwiftPackageReference "firebase-ios-sdk" */;
			productName = FirebaseFirestore;
		};
		17FB75AD2D9B3A8000811EF5 /* FirebaseFirestoreCombine-Community */ = {
			isa = XCSwiftPackageProductDependency;
			package = 17FB757D2D9B36DE00811EF5 /* XCRemoteSwiftPackageReference "firebase-ios-sdk" */;
			productName = "FirebaseFirestoreCombine-Community";
		};
		17FB75AF2D9B3A8000811EF5 /* FirebaseFunctions */ = {
			isa = XCSwiftPackageProductDependency;
			package = 17FB757D2D9B36DE00811EF5 /* XCRemoteSwiftPackageReference "firebase-ios-sdk" */;
			productName = FirebaseFunctions;
		};
		17FB75B12D9B3A8000811EF5 /* FirebaseFunctionsCombine-Community */ = {
			isa = XCSwiftPackageProductDependency;
			package = 17FB757D2D9B36DE00811EF5 /* XCRemoteSwiftPackageReference "firebase-ios-sdk" */;
			productName = "FirebaseFunctionsCombine-Community";
		};
		17FB75B32D9B3A8000811EF5 /* FirebaseInAppMessaging-Beta */ = {
			isa = XCSwiftPackageProductDependency;
			package = 17FB757D2D9B36DE00811EF5 /* XCRemoteSwiftPackageReference "firebase-ios-sdk" */;
			productName = "FirebaseInAppMessaging-Beta";
		};
		17FB75B52D9B3A8000811EF5 /* FirebaseInstallations */ = {
			isa = XCSwiftPackageProductDependency;
			package = 17FB757D2D9B36DE00811EF5 /* XCRemoteSwiftPackageReference "firebase-ios-sdk" */;
			productName = FirebaseInstallations;
		};
		17FB75B72D9B3A8000811EF5 /* FirebaseMLModelDownloader */ = {
			isa = XCSwiftPackageProductDependency;
			package = 17FB757D2D9B36DE00811EF5 /* XCRemoteSwiftPackageReference "firebase-ios-sdk" */;
			productName = FirebaseMLModelDownloader;
		};
		17FB75B92D9B3A8000811EF5 /* FirebaseMessaging */ = {
			isa = XCSwiftPackageProductDependency;
			package = 17FB757D2D9B36DE00811EF5 /* XCRemoteSwiftPackageReference "firebase-ios-sdk" */;
			productName = FirebaseMessaging;
		};
		17FB75BB2D9B3A8000811EF5 /* FirebasePerformance */ = {
			isa = XCSwiftPackageProductDependency;
			package = 17FB757D2D9B36DE00811EF5 /* XCRemoteSwiftPackageReference "firebase-ios-sdk" */;
			productName = FirebasePerformance;
		};
		17FB75BD2D9B3A8000811EF5 /* FirebaseRemoteConfig */ = {
			isa = XCSwiftPackageProductDependency;
			package = 17FB757D2D9B36DE00811EF5 /* XCRemoteSwiftPackageReference "firebase-ios-sdk" */;
			productName = FirebaseRemoteConfig;
		};
		17FB75BF2D9B3A8000811EF5 /* FirebaseStorage */ = {
			isa = XCSwiftPackageProductDependency;
			package = 17FB757D2D9B36DE00811EF5 /* XCRemoteSwiftPackageReference "firebase-ios-sdk" */;
			productName = FirebaseStorage;
		};
		17FB75C12D9B3A8000811EF5 /* FirebaseStorageCombine-Community */ = {
			isa = XCSwiftPackageProductDependency;
			package = 17FB757D2D9B36DE00811EF5 /* XCRemoteSwiftPackageReference "firebase-ios-sdk" */;
			productName = "FirebaseStorageCombine-Community";
		};
		17FB75C32D9B3A8000811EF5 /* FirebaseVertexAI */ = {
			isa = XCSwiftPackageProductDependency;
			package = 17FB757D2D9B36DE00811EF5 /* XCRemoteSwiftPackageReference "firebase-ios-sdk" */;
			productName = FirebaseVertexAI;
		};
/* End XCSwiftPackageProductDependency section */
	};
	rootObject = 174F1CCD2D6A87AE0022C47A /* Project object */;
}
